
Microsoft Visual Studio Solution File, Format Version 12.00
# Visual Studio Version 17
VisualStudioVersion = 17.14.36212.18
MinimumVisualStudioVersion = 10.0.40219.1
Project("{FAE04EC0-301F-11D3-BF4B-00C04F79EFBC}") = "PaniqueEnCuisine", "PaniqueEnCuisine.csproj", "{6AF2439F-6B9C-4669-A9CB-5808BF9DFE0D}"
EndProject
Global
	GlobalSection(SolutionConfigurationPlatforms) = preSolution
		Debug|Any CPU = Debug|Any CPU
		Release|Any CPU = Release|Any CPU
	EndGlobalSection
	GlobalSection(ProjectConfigurationPlatforms) = postSolution
		{6AF2439F-6B9C-4669-A9CB-5808BF9DFE0D}.Debug|Any CPU.ActiveCfg = Debug|Any CPU
		{6AF2439F-6B9C-4669-A9CB-5808BF9DFE0D}.Debug|Any CPU.Build.0 = Debug|Any CPU
		{6AF2439F-6B9C-4669-A9CB-5808BF9DFE0D}.Release|Any CPU.ActiveCfg = Release|Any CPU
		{6AF2439F-6B9C-4669-A9CB-5808BF9DFE0D}.Release|Any CPU.Build.0 = Release|Any CPU
	EndGlobalSection
	GlobalSection(SolutionProperties) = preSolution
		HideSolutionNode = FALSE
	EndGlobalSection
	GlobalSection(ExtensibilityGlobals) = postSolution
		SolutionGuid = {8ED61B83-3E01-401C-B121-14550CCCA6D6}
	EndGlobalSection
EndGlobal
